# THIS IS AN AUTOGENERATED FILE. DO NOT EDIT THIS FILE DIRECTLY.
# yarn lockfile v1


"@auth0/auth0-spa-js@^2.1.2":
  version "2.1.2"
  resolved "https://registry.yarnpkg.com/@auth0/auth0-spa-js/-/auth0-spa-js-2.1.2.tgz#2217db13ce0feb480a190ed165b36681bd48633c"
  integrity sha512-xdA65Z/U7++Y7L9Uwh8Q8OVOs6qgFz+fb7GAzHFjpr1icO37B//xdzLXm7ZRgA19RWrsNe1nme3h896igJSvvw==
